// !$*UTF8*$!
{
	archiveVersion = 1;
	classes = {
	};
	objectVersion = 46;
	objects = {

/* Begin PBXBuildFile section */
		51EB93591B269BA100C7D297 /* main.m in Sources */ = {isa = PBXBuildFile; fileRef = 51EB93581B269BA100C7D297 /* main.m */; };
		51EB935C1B269BA100C7D297 /* AppDelegate.m in Sources */ = {isa = PBXBuildFile; fileRef = 51EB935B1B269BA100C7D297 /* AppDelegate.m */; };
		51EB935F1B269BA100C7D297 /* ViewController.m in Sources */ = {isa = PBXBuildFile; fileRef = 51EB935E1B269BA100C7D297 /* ViewController.m */; };
		51EB93621B269BA100C7D297 /* Main.storyboard in Resources */ = {isa = PBXBuildFile; fileRef = 51EB93601B269BA100C7D297 /* Main.storyboard */; };
		51EB93641B269BA100C7D297 /* Images.xcassets in Resources */ = {isa = PBXBuildFile; fileRef = 51EB93631B269BA100C7D297 /* Images.xcassets */; };
		51EB93671B269BA100C7D297 /* LaunchScreen.xib in Resources */ = {isa = PBXBuildFile; fileRef = 51EB93651B269BA100C7D297 /* LaunchScreen.xib */; };
		51EB93731B269BA100C7D297 /* Day_1_Quiz_AppTests.m in Sources */ = {isa = PBXBuildFile; fileRef = 51EB93721B269BA100C7D297 /* Day_1_Quiz_AppTests.m */; };
/* End PBXBuildFile section */

/* Begin PBXContainerItemProxy section */
		51EB936D1B269BA100C7D297 /* PBXContainerItemProxy */ = {
			isa = PBXContainerItemProxy;
			containerPortal = 51EB934B1B269BA100C7D297 /* Project object */;
			proxyType = 1;
			remoteGlobalIDString = 51EB93521B269BA100C7D297;
			remoteInfo = "Day 1 Quiz App";
		};
/* End PBXContainerItemProxy section */

/* Begin PBXFileReference section */
		51EB93531B269BA100C7D297 /* Day 1 Quiz App.app */ = {isa = PBXFileReference; explicitFileType = wrapper.application; includeInIndex = 0; path = "Day 1 Quiz App.app"; sourceTree = BUILT_PRODUCTS_DIR; };
		51EB93571B269BA100C7D297 /* Info.plist */ = {isa = PBXFileReference; lastKnownFileType = text.plist.xml; path = Info.plist; sourceTree = "<group>"; };
		51EB93581B269BA100C7D297 /* main.m */ = {isa = PBXFileReference; lastKnownFileType = sourcecode.c.objc; path = main.m; sourceTree = "<group>"; };
		51EB935A1B269BA100C7D297 /* AppDelegate.h */ = {isa = PBXFileReference; lastKnownFileType = sourcecode.c.h; path = AppDelegate.h; sourceTree = "<group>"; };
		51EB935B1B269BA100C7D297 /* AppDelegate.m */ = {isa = PBXFileReference; lastKnownFileType = sourcecode.c.objc; path = AppDelegate.m; sourceTree = "<group>"; };
		51EB935D1B269BA100C7D297 /* ViewController.h */ = {isa = PBXFileReference; lastKnownFileType = sourcecode.c.h; path = ViewController.h; sourceTree = "<group>"; };
		51EB935E1B269BA100C7D297 /* ViewController.m */ = {isa = PBXFileReference; lastKnownFileType = sourcecode.c.objc; path = ViewController.m; sourceTree = "<group>"; };
		51EB93611B269BA100C7D297 /* Base */ = {isa = PBXFileReference; lastKnownFileType = file.storyboard; name = Base; path = Base.lproj/Main.storyboard; sourceTree = "<group>"; };
		51EB93631B269BA100C7D297 /* Images.xcassets */ = {isa = PBXFileReference; lastKnownFileType = folder.assetcatalog; path = Images.xcassets; sourceTree = "<group>"; };
		51EB93661B269BA100C7D297 /* Base */ = {isa = PBXFileReference; lastKnownFileType = file.xib; name = Base; path = Base.lproj/LaunchScreen.xib; sourceTree = "<group>"; };
		51EB936C1B269BA100C7D297 /* Day 1 Quiz AppTests.xctest */ = {isa = PBXFileReference; explicitFileType = wrapper.cfbundle; includeInIndex = 0; path = "Day 1 Quiz AppTests.xctest"; sourceTree = BUILT_PRODUCTS_DIR; };
		51EB93711B269BA100C7D297 /* Info.plist */ = {isa = PBXFileReference; lastKnownFileType = text.plist.xml; path = Info.plist; sourceTree = "<group>"; };
		51EB93721B269BA100C7D297 /* Day_1_Quiz_AppTests.m */ = {isa = PBXFileReference; lastKnownFileType = sourcecode.c.objc; path = Day_1_Quiz_AppTests.m; sourceTree = "<group>"; };
/* End PBXFileReference section */

/* Begin PBXFrameworksBuildPhase section */
		51EB93501B269BA100C7D297 /* Frameworks */ = {
			isa = PBXFrameworksBuildPhase;
			buildActionMask = 2147483647;
			files = (
			);
			runOnlyForDeploymentPostprocessing = 0;
		};
		51EB93691B269BA100C7D297 /* Frameworks */ = {
			isa = PBXFrameworksBuildPhase;
			buildActionMask = 2147483647;
			files = (
			);
			runOnlyForDeploymentPostprocessing = 0;
		};
/* End PBXFrameworksBuildPhase section */

/* Begin PBXGroup section */
		51EB934A1B269BA100C7D297 = {
			isa = PBXGroup;
			children = (
				51EB93551B269BA100C7D297 /* Day 1 Quiz App */,
				51EB936F1B269BA100C7D297 /* Day 1 Quiz AppTests */,
				51EB93541B269BA100C7D297 /* Products */,
			);
			sourceTree = "<group>";
		};
		51EB93541B269BA100C7D297 /* Products */ = {
			isa = PBXGroup;
			children = (
				51EB93531B269BA100C7D297 /* Day 1 Quiz App.app */,
				51EB936C1B269BA100C7D297 /* Day 1 Quiz AppTests.xctest */,
			);
			name = Products;
			sourceTree = "<group>";
		};
		51EB93551B269BA100C7D297 /* Day 1 Quiz App */ = {
			isa = PBXGroup;
			children = (
				51EB935A1B269BA100C7D297 /* AppDelegate.h */,
				51EB935B1B269BA100C7D297 /* AppDelegate.m */,
				51EB935D1B269BA100C7D297 /* ViewController.h */,
				51EB935E1B269BA100C7D297 /* ViewController.m */,
				51EB93601B269BA100C7D297 /* Main.storyboard */,
				51EB93631B269BA100C7D297 /* Images.xcassets */,
				51EB93651B269BA100C7D297 /* LaunchScreen.xib */,
				51EB93561B269BA100C7D297 /* Supporting Files */,
			);
			path = "Day 1 Quiz App";
			sourceTree = "<group>";
		};
		51EB93561B269BA100C7D297 /* Supporting Files */ = {
			isa = PBXGroup;
			children = (
				51EB93571B269BA100C7D297 /* Info.plist */,
				51EB93581B269BA100C7D297 /* main.m */,
			);
			name = "Supporting Files";
			sourceTree = "<group>";
		};
		51EB936F1B269BA100C7D297 /* Day 1 Quiz AppTests */ = {
			isa = PBXGroup;
			children = (
				51EB93721B269BA100C7D297 /* Day_1_Quiz_AppTests.m */,
				51EB93701B269BA100C7D297 /* Supporting Files */,
			);
			path = "Day 1 Quiz AppTests";
			sourceTree = "<group>";
		};
		51EB93701B269BA100C7D297 /* Supporting Files */ = {
			isa = PBXGroup;
			children = (
				51EB93711B269BA100C7D297 /* Info.plist */,
			);
			name = "Supporting Files";
			sourceTree = "<group>";
		};
/* End PBXGroup section */

/* Begin PBXNativeTarget section */
		51EB93521B269BA100C7D297 /* Day 1 Quiz App */ = {
			isa = PBXNativeTarget;
			buildConfigurationList = 51EB93761B269BA100C7D297 /* Build configuration list for PBXNativeTarget "Day 1 Quiz App" */;
			buildPhases = (
				51EB934F1B269BA100C7D297 /* Sources */,
				51EB93501B269BA100C7D297 /* Frameworks */,
				51EB93511B269BA100C7D297 /* Resources */,
			);
			buildRules = (
			);
			dependencies = (
			);
			name = "Day 1 Quiz App";
			productName = "Day 1 Quiz App";
			productReference = 51EB93531B269BA100C7D297 /* Day 1 Quiz App.app */;
			productType = "com.apple.product-type.application";
		};
		51EB936B1B269BA100C7D297 /* Day 1 Quiz AppTests */ = {
			isa = PBXNativeTarget;
			buildConfigurationList = 51EB93791B269BA100C7D297 /* Build configuration list for PBXNativeTarget "Day 1 Quiz AppTests" */;
			buildPhases = (
				51EB93681B269BA100C7D297 /* Sources */,
				51EB93691B269BA100C7D297 /* Frameworks */,
				51EB936A1B269BA100C7D297 /* Resources */,
			);
			buildRules = (
			);
			dependencies = (
				51EB936E1B269BA100C7D297 /* PBXTargetDependency */,
			);
			name = "Day 1 Quiz AppTests";
			productName = "Day 1 Quiz AppTests";
			productReference = 51EB936C1B269BA100C7D297 /* Day 1 Quiz AppTests.xctest */;
			productType = "com.apple.product-type.bundle.unit-test";
		};
/* End PBXNativeTarget section */

/* Begin PBXProject section */
		51EB934B1B269BA100C7D297 /* Project object */ = {
			isa = PBXProject;
			attributes = {
				LastUpgradeCheck = 0630;
				ORGANIZATIONNAME = "Sanzhar Askaruly";
				TargetAttributes = {
					51EB93521B269BA100C7D297 = {
						CreatedOnToolsVersion = 6.3.1;
					};
					51EB936B1B269BA100C7D297 = {
						CreatedOnToolsVersion = 6.3.1;
						TestTargetID = 51EB93521B269BA100C7D297;
					};
				};
			};
			buildConfigurationList = 51EB934E1B269BA100C7D297 /* Build configuration list for PBXProject "Day 1 Quiz App" */;
			compatibilityVersion = "Xcode 3.2";
			developmentRegion = English;
			hasScannedForEncodings = 0;
			knownRegions = (
				en,
				Base,
			);
			mainGroup = 51EB934A1B269BA100C7D297;
			productRefGroup = 51EB93541B269BA100C7D297 /* Products */;
			projectDirPath = "";
			projectRoot = "";
			targets = (
				51EB93521B269BA100C7D297 /* Day 1 Quiz App */,
				51EB936B1B269BA100C7D297 /* Day 1 Quiz AppTests */,
			);
		};
/* End PBXProject section */

/* Begin PBXResourcesBuildPhase section */
		51EB93511B269BA100C7D297 /* Resources */ = {
			isa = PBXResourcesBuildPhase;
			buildActionMask = 2147483647;
			files = (
				51EB93621B269BA100C7D297 /* Main.storyboard in Resources */,
				51EB93671B269BA100C7D297 /* LaunchScreen.xib in Resources */,
				51EB93641B269BA100C7D297 /* Images.xcassets in Resources */,
			);
			runOnlyForDeploymentPostprocessing = 0;
		};
		51EB936A1B269BA100C7D297 /* Resources */ = {
			isa = PBXResourcesBuildPhase;
			buildActionMask = 2147483647;
			files = (
			);
			runOnlyForDeploymentPostprocessing = 0;
		};
/* End PBXResourcesBuildPhase section */

/* Begin PBXSourcesBuildPhase section */
		51EB934F1B269BA100C7D297 /* Sources */ = {
			isa = PBXSourcesBuildPhase;
			buildActionMask = 2147483647;
			files = (
				51EB935F1B269BA100C7D297 /* ViewController.m in Sources */,
				51EB935C1B269BA100C7D297 /* AppDelegate.m in Sources */,
				51EB93591B269BA100C7D297 /* main.m in Sources */,
			);
			runOnlyForDeploymentPostprocessing = 0;
		};
		51EB93681B269BA100C7D297 /* Sources */ = {
			isa = PBXSourcesBuildPhase;
			buildActionMask = 2147483647;
			files = (
				51EB93731B269BA100C7D297 /* Day_1_Quiz_AppTests.m in Sources */,
			);
			runOnlyForDeploymentPostprocessing = 0;
		};
/* End PBXSourcesBuildPhase section */

/* Begin PBXTargetDependency section */
		51EB936E1B269BA100C7D297 /* PBXTargetDependency */ = {
			isa = PBXTargetDependency;
			target = 51EB93521B269BA100C7D297 /* Day 1 Quiz App */;
			targetProxy = 51EB936D1B269BA100C7D297 /* PBXContainerItemProxy */;
		};
/* End PBXTargetDependency section */

/* Begin PBXVariantGroup section */
		51EB93601B269BA100C7D297 /* Main.storyboard */ = {
			isa = PBXVariantGroup;
			children = (
				51EB93611B269BA100C7D297 /* Base */,
			);
			name = Main.storyboard;
			sourceTree = "<group>";
		};
		51EB93651B269BA100C7D297 /* LaunchScreen.xib */ = {
			isa = PBXVariantGroup;
			children = (
				51EB93661B269BA100C7D297 /* Base */,
			);
			name = LaunchScreen.xib;
			sourceTree = "<group>";
		};
/* End PBXVariantGroup section */

/* Begin XCBuildConfiguration section */
		51EB93741B269BA100C7D297 /* Debug */ = {
			isa = XCBuildConfiguration;
			buildSettings = {
				ALWAYS_SEARCH_USER_PATHS = NO;
				CLANG_CXX_LANGUAGE_STANDARD = "gnu++0x";
				CLANG_CXX_LIBRARY = "libc++";
				CLANG_ENABLE_MODULES = YES;
				CLANG_ENABLE_OBJC_ARC = YES;
				CLANG_WARN_BOOL_CONVERSION = YES;
				CLANG_WARN_CONSTANT_CONVERSION = YES;
				CLANG_WARN_DIRECT_OBJC_ISA_USAGE = YES_ERROR;
				CLANG_WARN_EMPTY_BODY = YES;
				CLANG_WARN_ENUM_CONVERSION = YES;
				CLANG_WARN_INT_CONVERSION = YES;
				CLANG_WARN_OBJC_ROOT_CLASS = YES_ERROR;
				CLANG_WARN_UNREACHABLE_CODE = YES;
				CLANG_WARN__DUPLICATE_METHOD_MATCH = YES;
				"CODE_SIGN_IDENTITY[sdk=iphoneos*]" = "iPhone Developer";
				COPY_PHASE_STRIP = NO;
				DEBUG_INFORMATION_FORMAT = "dwarf-with-dsym";
				ENABLE_STRICT_OBJC_MSGSEND = YES;
				GCC_C_LANGUAGE_STANDARD = gnu99;
				GCC_DYNAMIC_NO_PIC = NO;
				GCC_NO_COMMON_BLOCKS = YES;
				GCC_OPTIMIZATION_LEVEL = 0;
				GCC_PREPROCESSOR_DEFINITIONS = (
					"DEBUG=1",
					"$(inherited)",
				);
				GCC_SYMBOLS_PRIVATE_EXTERN = NO;
				GCC_WARN_64_TO_32_BIT_CONVERSION = YES;
				GCC_WARN_ABOUT_RETURN_TYPE = YES_ERROR;
				GCC_WARN_UNDECLARED_SELECTOR = YES;
				GCC_WARN_UNINITIALIZED_AUTOS = YES_AGGRESSIVE;
				GCC_WARN_UNUSED_FUNCTION = YES;
				GCC_WARN_UNUSED_VARIABLE = YES;
				IPHONEOS_DEPLOYMENT_TARGET = 8.3;
				MTL_ENABLE_DEBUG_INFO = YES;
				ONLY_ACTIVE_ARCH = YES;
				SDKROOT = iphoneos;
				TARGETED_DEVICE_FAMILY = "1,2";
			};
			name = Debug;
		};
		51EB93751B269BA100C7D297 /* Release */ = {
			isa = XCBuildConfiguration;
			buildSettings = {
				ALWAYS_SEARCH_USER_PATHS = NO;
				CLANG_CXX_LANGUAGE_STANDARD = "gnu++0x";
				CLANG_CXX_LIBRARY = "libc++";
				CLANG_ENABLE_MODULES = YES;
				CLANG_ENABLE_OBJC_ARC = YES;
				CLANG_WARN_BOOL_CONVERSION = YES;
				CLANG_WARN_CONSTANT_CONVERSION = YES;
				CLANG_WARN_DIRECT_OBJC_ISA_USAGE = YES_ERROR;
				CLANG_WARN_EMPTY_BODY = YES;
				CLANG_WARN_ENUM_CONVERSION = YES;
				CLANG_WARN_INT_CONVERSION = YES;
				CLANG_WARN_OBJC_ROOT_CLASS = YES_ERROR;
				CLANG_WARN_UNREACHABLE_CODE = YES;
				CLANG_WARN__DUPLICATE_METHOD_MATCH = YES;
				"CODE_SIGN_IDENTITY[sdk=iphoneos*]" = "iPhone Developer";
				COPY_PHASE_STRIP = NO;
				DEBUG_INFORMATION_FORMAT = "dwarf-with-dsym";
				ENABLE_NS_ASSERTIONS = NO;
				ENABLE_STRICT_OBJC_MSGSEND = YES;
				GCC_C_LANGUAGE_STANDARD = gnu99;
				GCC_NO_COMMON_BLOCKS = YES;
				GCC_WARN_64_TO_32_BIT_CONVERSION = YES;
				GCC_WARN_ABOUT_RETURN_TYPE = YES_ERROR;
				GCC_WARN_UNDECLARED_SELECTOR = YES;
				GCC_WARN_UNINITIALIZED_AUTOS = YES_AGGRESSIVE;
				GCC_WARN_UNUSED_FUNCTION = YES;
				GCC_WARN_UNUSED_VARIABLE = YES;
				IPHONEOS_DEPLOYMENT_TARGET = 8.3;
				MTL_ENABLE_DEBUG_INFO = NO;
				SDKROOT = iphoneos;
				TARGETED_DEVICE_FAMILY = "1,2";
				VALIDATE_PRODUCT = YES;
			};
			name = Release;
		};
		51EB93771B269BA100C7D297 /* Debug */ = {
			isa = XCBuildConfiguration;
			buildSettings = {
				ASSETCATALOG_COMPILER_APPICON_NAME = AppIcon;
				INFOPLIST_FILE = "Day 1 Quiz App/Info.plist";
				LD_RUNPATH_SEARCH_PATHS = "$(inherited) @executable_path/Frameworks";
				PRODUCT_NAME = "$(TARGET_NAME)";
			};
			name = Debug;
		};
		51EB93781B269BA100C7D297 /* Release */ = {
			isa = XCBuildConfiguration;
			buildSettings = {
				ASSETCATALOG_COMPILER_APPICON_NAME = AppIcon;
				INFOPLIST_FILE = "Day 1 Quiz App/Info.plist";
				LD_RUNPATH_SEARCH_PATHS = "$(inherited) @executable_path/Frameworks";
				PRODUCT_NAME = "$(TARGET_NAME)";
			};
			name = Release;
		};
		51EB937A1B269BA100C7D297 /* Debug */ = {
			isa = XCBuildConfiguration;
			buildSettings = {
				BUNDLE_LOADER = "$(TEST_HOST)";
				FRAMEWORK_SEARCH_PATHS = (
					"$(SDKROOT)/Developer/Library/Frameworks",
					"$(inherited)",
				);
				GCC_PREPROCESSOR_DEFINITIONS = (
					"DEBUG=1",
					"$(inherited)",
				);
				INFOPLIST_FILE = "Day 1 Quiz AppTests/Info.plist";
				LD_RUNPATH_SEARCH_PATHS = "$(inherited) @executable_path/Frameworks @loader_path/Frameworks";
				PRODUCT_NAME = "$(TARGET_NAME)";
				TEST_HOST = "$(BUILT_PRODUCTS_DIR)/Day 1 Quiz App.app/Day 1 Quiz App";
			};
			name = Debug;
		};
		51EB937B1B269BA100C7D297 /* Release */ = {
			isa = XCBuildConfiguration;
			buildSettings = {
				BUNDLE_LOADER = "$(TEST_HOST)";
				FRAMEWORK_SEARCH_PATHS = (
					"$(SDKROOT)/Developer/Library/Frameworks",
					"$(inherited)",
				);
				INFOPLIST_FILE = "Day 1 Quiz AppTests/Info.plist";
				LD_RUNPATH_SEARCH_PATHS = "$(inherited) @executable_path/Frameworks @loader_path/Frameworks";
				PRODUCT_NAME = "$(TARGET_NAME)";
				TEST_HOST = "$(BUILT_PRODUCTS_DIR)/Day 1 Quiz App.app/Day 1 Quiz App";
			};
			name = Release;
		};
/* End XCBuildConfiguration section */

/* Begin XCConfigurationList section */
		51EB934E1B269BA100C7D297 /* Build configuration list for PBXProject "Day 1 Quiz App" */ = {
			isa = XCConfigurationList;
			buildConfigurations = (
				51EB93741B269BA100C7D297 /* Debug */,
				51EB93751B269BA100C7D297 /* Release */,
			);
			defaultConfigurationIsVisible = 0;
			defaultConfigurationName = Release;
		};
		51EB93761B269BA100C7D297 /* Build configuration list for PBXNativeTarget "Day 1 Quiz App" */ = {
			isa = XCConfigurationList;
			buildConfigurations = (
				51EB93771B269BA100C7D297 /* Debug */,
				51EB93781B269BA100C7D297 /* Release */,
			);
			defaultConfigurationIsVisible = 0;
		};
		51EB93791B269BA100C7D297 /* Build configuration list for PBXNativeTarget "Day 1 Quiz AppTests" */ = {
			isa = XCConfigurationList;
			buildConfigurations = (
				51EB937A1B269BA100C7D297 /* Debug */,
				51EB937B1B269BA100C7D297 /* Release */,
			);
			defaultConfigurationIsVisible = 0;
		};
/* End XCConfigurationList section */
	};
	rootObject = 51EB934B1B269BA100C7D297 /* Project object */;
}
